
Microsoft Visual Studio Solution File, Format Version 12.00
# Visual Studio Version 16
VisualStudioVersion = 16.0.30204.135
MinimumVisualStudioVersion = 10.0.40219.1
Project("{FAE04EC0-301F-11D3-BF4B-00C04F79EFBC}") = "AngularGettingStarted", "AngularGettingStarted\AngularGettingStarted.csproj", "{68653EE8-5982-4B23-971B-41280A333BEF}"
EndProject
Global
	GlobalSection(SolutionConfigurationPlatforms) = preSolution
		Debug|Any CPU = Debug|Any CPU
		Release|Any CPU = Release|Any CPU
	EndGlobalSection
	GlobalSection(ProjectConfigurationPlatforms) = postSolution
		{68653EE8-5982-4B23-971B-41280A333BEF}.Debug|Any CPU.ActiveCfg = Debug|Any CPU
		{68653EE8-5982-4B23-971B-41280A333BEF}.Debug|Any CPU.Build.0 = Debug|Any CPU
		{68653EE8-5982-4B23-971B-41280A333BEF}.Release|Any CPU.ActiveCfg = Release|Any CPU
		{68653EE8-5982-4B23-971B-41280A333BEF}.Release|Any CPU.Build.0 = Release|Any CPU
	EndGlobalSection
	GlobalSection(SolutionProperties) = preSolution
		HideSolutionNode = FALSE
	EndGlobalSection
	GlobalSection(ExtensibilityGlobals) = postSolution
		SolutionGuid = {3208060C-7185-440B-BD11-D82D3B18252D}
	EndGlobalSection
EndGlobal
